{
	"name": "@dorders/framework",
	"version": "0.0.0-alpha.0",
	"lockfileVersion": 1,
	"requires": true,
	"dependencies": {
		"schema-dts": {
			"version": "0.7.1",
			"resolved": "https://registry.npmjs.org/schema-dts/-/schema-dts-0.7.1.tgz",
			"integrity": "sha512-BCbdw1DtSJErERmKrTyu8K+nyuEwfKgRwSTctlklBqnAAkt9+w//Xg8vgRSzknGNBne+DUGLtL372KlLuI002w=="
		}
	}
}
