{
	"name": "@tmorin/ddd-fwk-model-core",
	"version": "0.1.0-alpha.0",
	"lockfileVersion": 1,
	"requires": true,
	"dependencies": {
		"schema-dts": {
			"version": "0.8.2",
			"resolved": "https://registry.npmjs.org/schema-dts/-/schema-dts-0.8.2.tgz",
			"integrity": "sha512-whRg7QF9wmPfrwAi4NRT/bjMBIdHvzpr4excNN00hn+U2aFXx9NB3JKfooUMJLDqpGEqnZpA61f5muw9lQ50ZA=="
		}
	}
}
