{
	"name": "@dorders/profile-model",
	"version": "0.1.0-alpha.0",
	"lockfileVersion": 1,
	"requires": true,
	"dependencies": {
		"@tmorin/ddd-fwk-model-core": {
			"version": "0.1.0",
			"resolved": "https://registry.npmjs.org/@tmorin/ddd-fwk-model-core/-/ddd-fwk-model-core-0.1.0.tgz",
			"integrity": "sha512-d0HdjyR0bo6vWC3Q67dugKg4ckGCFsTcXGrubofQ8ccuFC0MW1fsPlwdd/kUNhCnu2Q386Lpw681o9JI9MlA+A=="
		},
		"schema-dts": {
			"version": "0.8.2",
			"resolved": "https://registry.npmjs.org/schema-dts/-/schema-dts-0.8.2.tgz",
			"integrity": "sha512-whRg7QF9wmPfrwAi4NRT/bjMBIdHvzpr4excNN00hn+U2aFXx9NB3JKfooUMJLDqpGEqnZpA61f5muw9lQ50ZA=="
		}
	}
}
