{
	"name": "@dorders/peer-impl-demo",
	"version": "0.1.0-alpha.0",
	"lockfileVersion": 1,
	"requires": true,
	"dependencies": {
		"@tmorin/ddd-fwk-infra-bus-local": {
			"version": "0.1.0",
			"resolved": "https://registry.npmjs.org/@tmorin/ddd-fwk-infra-bus-local/-/ddd-fwk-infra-bus-local-0.1.0.tgz",
			"integrity": "sha512-eOGkkITCm6jaBN5RrlCFnPBkOKdrI06VuCPSuQsSkDoylmAMZkFtaNz6Y/XZFy771y4jTSVduhBCfKYn+t47qA==",
			"dev": true,
			"requires": {
				"@tmorin/ddd-fwk-model-core": "^0.1.0"
			}
		},
		"@tmorin/ddd-fwk-infra-config-inmemory": {
			"version": "0.1.0",
			"resolved": "https://registry.npmjs.org/@tmorin/ddd-fwk-infra-config-inmemory/-/ddd-fwk-infra-config-inmemory-0.1.0.tgz",
			"integrity": "sha512-bPPF3GeyB22Xw06NHGUITowC0DjI8oLAS5oWnjiNiwaKyWNvv80qgysGGy+7FN0zT5/72OEfjMoJeFKzrYMCwQ==",
			"dev": true,
			"requires": {
				"@tmorin/ddd-fwk-model-core": "^0.1.0",
				"lodash.defaultsdeep": "^4.6.1"
			}
		},
		"@tmorin/ddd-fwk-infra-logger-console": {
			"version": "0.1.0",
			"resolved": "https://registry.npmjs.org/@tmorin/ddd-fwk-infra-logger-console/-/ddd-fwk-infra-logger-console-0.1.0.tgz",
			"integrity": "sha512-m0OSSXrDdKc/xFpKhBoajdAGWTs3uukcagoj9GU5AlNrWVcqKqR3EQQ0Nt9NoWlcGKK811r7yH3+5EeP8IM4lQ==",
			"dev": true,
			"requires": {
				"@tmorin/ddd-fwk-model-core": "^0.1.0"
			}
		},
		"@tmorin/ddd-fwk-infra-test": {
			"version": "0.1.0",
			"resolved": "https://registry.npmjs.org/@tmorin/ddd-fwk-infra-test/-/ddd-fwk-infra-test-0.1.0.tgz",
			"integrity": "sha512-BX3ooaZREb28ZK07d+cG/rAavBIbKhw+iJSGvEjpZlxIvaNtX4qJSwtpXL0G38nMNBpHNT5nEr/V+kVLWGaeYg==",
			"dev": true,
			"requires": {
				"@tmorin/ddd-fwk-infra-bus-local": "^0.1.0",
				"@tmorin/ddd-fwk-infra-config-inmemory": "^0.1.0",
				"@tmorin/ddd-fwk-infra-logger-console": "^0.1.0",
				"@tmorin/ddd-fwk-model-core": "^0.1.0",
				"@tmorin/ddd-fwk-model-test": "^0.1.0"
			}
		},
		"@tmorin/ddd-fwk-model-core": {
			"version": "0.1.0",
			"resolved": "https://registry.npmjs.org/@tmorin/ddd-fwk-model-core/-/ddd-fwk-model-core-0.1.0.tgz",
			"integrity": "sha512-d0HdjyR0bo6vWC3Q67dugKg4ckGCFsTcXGrubofQ8ccuFC0MW1fsPlwdd/kUNhCnu2Q386Lpw681o9JI9MlA+A=="
		},
		"@tmorin/ddd-fwk-model-test": {
			"version": "0.1.0",
			"resolved": "https://registry.npmjs.org/@tmorin/ddd-fwk-model-test/-/ddd-fwk-model-test-0.1.0.tgz",
			"integrity": "sha512-35J3aUDb28+nnWXShHLDDHXmixz+EyeZxaN28QIS6RqVrmAGob87olgptDPrqb18yroSPrWUJwFrwbZCrXBXbQ==",
			"dev": true,
			"requires": {
				"@tmorin/ddd-fwk-model-core": "^0.1.0"
			}
		},
		"@types/uuid": {
			"version": "8.3.0",
			"resolved": "https://registry.npmjs.org/@types/uuid/-/uuid-8.3.0.tgz",
			"integrity": "sha512-eQ9qFW/fhfGJF8WKHGEHZEyVWfZxrT+6CLIJGBcZPfxUh/+BnEj+UCGYMlr9qZuX/2AltsvwrGqp0LhEW8D0zQ==",
			"dev": true
		},
		"lodash.defaultsdeep": {
			"version": "4.6.1",
			"resolved": "https://registry.npmjs.org/lodash.defaultsdeep/-/lodash.defaultsdeep-4.6.1.tgz",
			"integrity": "sha512-3j8wdDzYuWO3lM3Reg03MuQR957t287Rpcxp1njpEa8oDrikb+FwGdW3n+FELh/A6qib6yPit0j/pv9G/yeAqA==",
			"dev": true
		},
		"uuid": {
			"version": "8.3.2",
			"resolved": "https://registry.npmjs.org/uuid/-/uuid-8.3.2.tgz",
			"integrity": "sha512-+NYs2QeMWy+GWFOEm9xnn6HCDp0l7QBD7ml8zLUmJ+93Q5NF0NocErnwkTkXVFNiX3/fpC6afS8Dhb/gz7R7eg=="
		}
	}
}
