{
	"name": "@dorders/contact-model",
	"version": "0.1.0-alpha.0",
	"lockfileVersion": 1,
	"requires": true,
	"dependencies": {
		"@tmorin/ddd-fwk-model-core": {
			"version": "0.2.0",
			"resolved": "https://registry.npmjs.org/@tmorin/ddd-fwk-model-core/-/ddd-fwk-model-core-0.2.0.tgz",
			"integrity": "sha512-Xs2zelZQ+PdXIuKu+INXLB7Hzlb5OF3u5Wampx4H0SCj9QDfSJNlHV+Zlk6JQBdD8D7VloNuoGEogp29KRabog=="
		}
	}
}
