{
	"name": "@dorders/profile-validator",
	"version": "0.1.0-alpha.0",
	"lockfileVersion": 1,
	"requires": true,
	"dependencies": {
		"@tmorin/ddd-fwk-model-core": {
			"version": "0.1.0",
			"resolved": "https://registry.npmjs.org/@tmorin/ddd-fwk-model-core/-/ddd-fwk-model-core-0.1.0.tgz",
			"integrity": "sha512-d0HdjyR0bo6vWC3Q67dugKg4ckGCFsTcXGrubofQ8ccuFC0MW1fsPlwdd/kUNhCnu2Q386Lpw681o9JI9MlA+A=="
		},
		"@tmorin/ddd-fwk-model-test": {
			"version": "0.1.0",
			"resolved": "https://registry.npmjs.org/@tmorin/ddd-fwk-model-test/-/ddd-fwk-model-test-0.1.0.tgz",
			"integrity": "sha512-35J3aUDb28+nnWXShHLDDHXmixz+EyeZxaN28QIS6RqVrmAGob87olgptDPrqb18yroSPrWUJwFrwbZCrXBXbQ==",
			"requires": {
				"@tmorin/ddd-fwk-model-core": "^0.1.0"
			}
		}
	}
}
