{
	"name": "@dorders/contact-impl-demo",
	"version": "0.1.0-alpha.0",
	"lockfileVersion": 1,
	"requires": true,
	"dependencies": {
		"@tmorin/ddd-fwk-infra-bus-local": {
			"version": "0.2.0",
			"resolved": "https://registry.npmjs.org/@tmorin/ddd-fwk-infra-bus-local/-/ddd-fwk-infra-bus-local-0.2.0.tgz",
			"integrity": "sha512-Pnxwe0exv2tyLbYYVpdJf/t3URYsFeJ4qWPtfq1h0O8L7xXNnzA2MQKIzr9bOL8dmGUEB7L+4V9nh9/eowNb+A==",
			"dev": true,
			"requires": {
				"@tmorin/ddd-fwk-model-core": "^0.2.0"
			}
		},
		"@tmorin/ddd-fwk-infra-config-inmemory": {
			"version": "0.2.0",
			"resolved": "https://registry.npmjs.org/@tmorin/ddd-fwk-infra-config-inmemory/-/ddd-fwk-infra-config-inmemory-0.2.0.tgz",
			"integrity": "sha512-NsZI8RLbkLw1BjqO/VkYG66FDy/OGtMXnj30oavY8rEPuSKdXvYAMxceDE+pU9CF8daxPpHYsaiHFJNdTTp8bQ==",
			"dev": true,
			"requires": {
				"@tmorin/ddd-fwk-model-core": "^0.2.0",
				"lodash.defaultsdeep": "^4.6.1"
			}
		},
		"@tmorin/ddd-fwk-infra-logger-console": {
			"version": "0.2.0",
			"resolved": "https://registry.npmjs.org/@tmorin/ddd-fwk-infra-logger-console/-/ddd-fwk-infra-logger-console-0.2.0.tgz",
			"integrity": "sha512-vATlFkQMsrgJb/eQBYbM+iVBfYQjh3krgp1ux3W+FQg+Yf0FGAU5GsoT/JuuTAVMtxFDF483htaBnDdd9GCPQw==",
			"dev": true,
			"requires": {
				"@tmorin/ddd-fwk-model-core": "^0.2.0"
			}
		},
		"@tmorin/ddd-fwk-infra-test": {
			"version": "0.2.0",
			"resolved": "https://registry.npmjs.org/@tmorin/ddd-fwk-infra-test/-/ddd-fwk-infra-test-0.2.0.tgz",
			"integrity": "sha512-w37W7USmQEyDvA/LcuB2hyNyLHFYq9sKFeUvh5vLgOZRPCLSn5nSKe2V8TpbIb68QS02wl6aodeMHBfuDI8W3A==",
			"dev": true,
			"requires": {
				"@tmorin/ddd-fwk-infra-bus-local": "^0.2.0",
				"@tmorin/ddd-fwk-infra-config-inmemory": "^0.2.0",
				"@tmorin/ddd-fwk-infra-logger-console": "^0.2.0",
				"@tmorin/ddd-fwk-model-core": "^0.2.0",
				"@tmorin/ddd-fwk-model-test": "^0.2.0"
			}
		},
		"@tmorin/ddd-fwk-model-core": {
			"version": "0.2.0",
			"resolved": "https://registry.npmjs.org/@tmorin/ddd-fwk-model-core/-/ddd-fwk-model-core-0.2.0.tgz",
			"integrity": "sha512-Xs2zelZQ+PdXIuKu+INXLB7Hzlb5OF3u5Wampx4H0SCj9QDfSJNlHV+Zlk6JQBdD8D7VloNuoGEogp29KRabog=="
		},
		"@tmorin/ddd-fwk-model-test": {
			"version": "0.2.0",
			"resolved": "https://registry.npmjs.org/@tmorin/ddd-fwk-model-test/-/ddd-fwk-model-test-0.2.0.tgz",
			"integrity": "sha512-vSZw2igeWpqerJQ7layS2Ym+pc1nQwnIVHVYpidox5CO6gb3by5BCWs+o4/HPmLZsUbqOP2AhJqzd3zP+kWsGA==",
			"dev": true,
			"requires": {
				"@tmorin/ddd-fwk-model-core": "^0.2.0"
			}
		},
		"@types/uuid": {
			"version": "8.3.0",
			"resolved": "https://registry.npmjs.org/@types/uuid/-/uuid-8.3.0.tgz",
			"integrity": "sha512-eQ9qFW/fhfGJF8WKHGEHZEyVWfZxrT+6CLIJGBcZPfxUh/+BnEj+UCGYMlr9qZuX/2AltsvwrGqp0LhEW8D0zQ==",
			"dev": true
		},
		"lodash.defaultsdeep": {
			"version": "4.6.1",
			"resolved": "https://registry.npmjs.org/lodash.defaultsdeep/-/lodash.defaultsdeep-4.6.1.tgz",
			"integrity": "sha512-3j8wdDzYuWO3lM3Reg03MuQR957t287Rpcxp1njpEa8oDrikb+FwGdW3n+FELh/A6qib6yPit0j/pv9G/yeAqA==",
			"dev": true
		},
		"uuid": {
			"version": "8.3.2",
			"resolved": "https://registry.npmjs.org/uuid/-/uuid-8.3.2.tgz",
			"integrity": "sha512-+NYs2QeMWy+GWFOEm9xnn6HCDp0l7QBD7ml8zLUmJ+93Q5NF0NocErnwkTkXVFNiX3/fpC6afS8Dhb/gz7R7eg=="
		}
	}
}
