{
	"name": "@dorders/functional-sandbox",
	"version": "0.0.0-alpha.0",
	"lockfileVersion": 1,
	"requires": true,
	"dependencies": {
		"@types/json-schema": {
			"version": "7.0.6",
			"resolved": "https://registry.npmjs.org/@types/json-schema/-/json-schema-7.0.6.tgz",
			"integrity": "sha512-3c+yGKvVP5Y9TYBEibGNR+kLtijnj7mYrXRg+WpFb2X9xm04g/DXYkfg4hmzJQosc9snFNUPkbYIhu+KAm6jJw=="
		},
		"purify-ts": {
			"version": "0.16.0-beta.5",
			"resolved": "https://registry.npmjs.org/purify-ts/-/purify-ts-0.16.0-beta.5.tgz",
			"integrity": "sha512-DBZPgTJmsYQ6ODB31N0bc6Lx4ep6IwhFxFNi9i2WSwwyelV9b30QvZl68KR+66o9PqTdFP5D1KxwGDwFiTzuAQ==",
			"requires": {
				"@types/json-schema": "^7.0.4"
			}
		}
	}
}
